
Microsoft Visual Studio Solution File, Format Version 12.00
# Visual Studio 2013
VisualStudioVersion = 12.0.40629.0
MinimumVisualStudioVersion = 10.0.40219.1
Project("{FAE04EC0-301F-11D3-BF4B-00C04F79EFBC}") = "FootballScoresProcessor", "FootballScoresProcessor\FootballScoresProcessor.csproj", "{54DF5ADF-106A-401A-B0A3-22444DBA90D6}"
EndProject
Project("{FAE04EC0-301F-11D3-BF4B-00C04F79EFBC}") = "AnySportScoresFilesProcessor.BusinessLogic", "AnySportScoresFilesProcessor\AnySportScoresFilesProcessor.BusinessLogic.csproj", "{1BE2B9B1-A8EC-44C1-A626-A4F86FE16C17}"
EndProject
Project("{FAE04EC0-301F-11D3-BF4B-00C04F79EFBC}") = "AnySportScoresFilesProcessor.Models", "AnySportScoresFilesProcessor.Models\AnySportScoresFilesProcessor.Models.csproj", "{3F0C6112-ABA4-4E7F-B19B-C10FDBE02FD6}"
EndProject
Project("{FAE04EC0-301F-11D3-BF4B-00C04F79EFBC}") = "FootballScoresProcessorUnitTests", "FootballScoresProcessorUnitTests\FootballScoresProcessorUnitTests.csproj", "{BE0078D1-B776-4F73-B33E-EC61C985E55D}"
EndProject
Global
	GlobalSection(SolutionConfigurationPlatforms) = preSolution
		Debug|Any CPU = Debug|Any CPU
		Release|Any CPU = Release|Any CPU
	EndGlobalSection
	GlobalSection(ProjectConfigurationPlatforms) = postSolution
		{54DF5ADF-106A-401A-B0A3-22444DBA90D6}.Debug|Any CPU.ActiveCfg = Debug|Any CPU
		{54DF5ADF-106A-401A-B0A3-22444DBA90D6}.Debug|Any CPU.Build.0 = Debug|Any CPU
		{54DF5ADF-106A-401A-B0A3-22444DBA90D6}.Release|Any CPU.ActiveCfg = Release|Any CPU
		{54DF5ADF-106A-401A-B0A3-22444DBA90D6}.Release|Any CPU.Build.0 = Release|Any CPU
		{1BE2B9B1-A8EC-44C1-A626-A4F86FE16C17}.Debug|Any CPU.ActiveCfg = Debug|Any CPU
		{1BE2B9B1-A8EC-44C1-A626-A4F86FE16C17}.Debug|Any CPU.Build.0 = Debug|Any CPU
		{1BE2B9B1-A8EC-44C1-A626-A4F86FE16C17}.Release|Any CPU.ActiveCfg = Release|Any CPU
		{1BE2B9B1-A8EC-44C1-A626-A4F86FE16C17}.Release|Any CPU.Build.0 = Release|Any CPU
		{3F0C6112-ABA4-4E7F-B19B-C10FDBE02FD6}.Debug|Any CPU.ActiveCfg = Debug|Any CPU
		{3F0C6112-ABA4-4E7F-B19B-C10FDBE02FD6}.Debug|Any CPU.Build.0 = Debug|Any CPU
		{3F0C6112-ABA4-4E7F-B19B-C10FDBE02FD6}.Release|Any CPU.ActiveCfg = Release|Any CPU
		{3F0C6112-ABA4-4E7F-B19B-C10FDBE02FD6}.Release|Any CPU.Build.0 = Release|Any CPU
		{BE0078D1-B776-4F73-B33E-EC61C985E55D}.Debug|Any CPU.ActiveCfg = Debug|Any CPU
		{BE0078D1-B776-4F73-B33E-EC61C985E55D}.Debug|Any CPU.Build.0 = Debug|Any CPU
		{BE0078D1-B776-4F73-B33E-EC61C985E55D}.Release|Any CPU.ActiveCfg = Release|Any CPU
		{BE0078D1-B776-4F73-B33E-EC61C985E55D}.Release|Any CPU.Build.0 = Release|Any CPU
	EndGlobalSection
	GlobalSection(SolutionProperties) = preSolution
		HideSolutionNode = FALSE
	EndGlobalSection
EndGlobal
